
Microsoft Visual Studio Solution File, Format Version 12.00
# Visual Studio Version 16
VisualStudioVersion = 16.0.31424.327
MinimumVisualStudioVersion = 10.0.40219.1
Project("{FAE04EC0-301F-11D3-BF4B-00C04F79EFBC}") = "Bending Stage Controller", "WindowsFormsApplication1\Bending Stage Controller.csproj", "{504C071B-6B6F-4A57-A8E7-0E43FD141C07}"
EndProject
Project("{54435603-DBB4-11D2-8724-00A0C9A8B90C}") = "Bending stage Setup1", "Bending stage Setup1\Bending stage Setup1.vdproj", "{D251826B-18DB-4F80-832A-9840763909DB}"
EndProject
Global
	GlobalSection(SolutionConfigurationPlatforms) = preSolution
		Debug|Any CPU = Debug|Any CPU
		Debug|x64 = Debug|x64
		Debug|x86 = Debug|x86
		Release|Any CPU = Release|Any CPU
		Release|x64 = Release|x64
		Release|x86 = Release|x86
	EndGlobalSection
	GlobalSection(ProjectConfigurationPlatforms) = postSolution
		{504C071B-6B6F-4A57-A8E7-0E43FD141C07}.Debug|Any CPU.ActiveCfg = Debug|Any CPU
		{504C071B-6B6F-4A57-A8E7-0E43FD141C07}.Debug|Any CPU.Build.0 = Debug|Any CPU
		{504C071B-6B6F-4A57-A8E7-0E43FD141C07}.Debug|x64.ActiveCfg = Debug|x64
		{504C071B-6B6F-4A57-A8E7-0E43FD141C07}.Debug|x86.ActiveCfg = Debug|x64
		{504C071B-6B6F-4A57-A8E7-0E43FD141C07}.Debug|x86.Build.0 = Debug|x64
		{504C071B-6B6F-4A57-A8E7-0E43FD141C07}.Release|Any CPU.ActiveCfg = Release|Any CPU
		{504C071B-6B6F-4A57-A8E7-0E43FD141C07}.Release|Any CPU.Build.0 = Release|Any CPU
		{504C071B-6B6F-4A57-A8E7-0E43FD141C07}.Release|x64.ActiveCfg = Release|x64
		{504C071B-6B6F-4A57-A8E7-0E43FD141C07}.Release|x64.Build.0 = Release|x64
		{504C071B-6B6F-4A57-A8E7-0E43FD141C07}.Release|x86.ActiveCfg = Release|x86
		{504C071B-6B6F-4A57-A8E7-0E43FD141C07}.Release|x86.Build.0 = Release|x86
		{D251826B-18DB-4F80-832A-9840763909DB}.Debug|Any CPU.ActiveCfg = Debug
		{D251826B-18DB-4F80-832A-9840763909DB}.Debug|x64.ActiveCfg = Debug
		{D251826B-18DB-4F80-832A-9840763909DB}.Debug|x86.ActiveCfg = Debug
		{D251826B-18DB-4F80-832A-9840763909DB}.Release|Any CPU.ActiveCfg = Release
		{D251826B-18DB-4F80-832A-9840763909DB}.Release|x64.ActiveCfg = Release
		{D251826B-18DB-4F80-832A-9840763909DB}.Release|x86.ActiveCfg = Release
	EndGlobalSection
	GlobalSection(SolutionProperties) = preSolution
		HideSolutionNode = FALSE
	EndGlobalSection
	GlobalSection(ExtensibilityGlobals) = postSolution
		SolutionGuid = {8F02F530-DF89-418E-A35D-D0BD825C86BD}
	EndGlobalSection
EndGlobal
